
Microsoft Visual Studio Solution File, Format Version 12.00
# Visual Studio 15
VisualStudioVersion = 15.0.26228.4
MinimumVisualStudioVersion = 10.0.40219.1
Project("{FAE04EC0-301F-11D3-BF4B-00C04F79EFBC}") = "360ImageTest", "360ImageTest\360ImageTest.csproj", "{7ED1EB9B-D7DD-4E7D-B8ED-553116C3B549}"
EndProject
Project("{8BC9CEB8-8B4A-11D0-8D11-00A0C91BC942}") = "DirectX360Image", "DirectX360Image\DirectX360Image.vcxproj", "{A0413130-DAA0-445A-9073-E76CF268BADF}"
EndProject
Global
	GlobalSection(SolutionConfigurationPlatforms) = preSolution
		Debug|ARM = Debug|ARM
		Debug|x64 = Debug|x64
		Debug|x86 = Debug|x86
		Release|ARM = Release|ARM
		Release|x64 = Release|x64
		Release|x86 = Release|x86
	EndGlobalSection
	GlobalSection(ProjectConfigurationPlatforms) = postSolution
		{7ED1EB9B-D7DD-4E7D-B8ED-553116C3B549}.Debug|ARM.ActiveCfg = Debug|ARM
		{7ED1EB9B-D7DD-4E7D-B8ED-553116C3B549}.Debug|ARM.Build.0 = Debug|ARM
		{7ED1EB9B-D7DD-4E7D-B8ED-553116C3B549}.Debug|ARM.Deploy.0 = Debug|ARM
		{7ED1EB9B-D7DD-4E7D-B8ED-553116C3B549}.Debug|x64.ActiveCfg = Debug|x64
		{7ED1EB9B-D7DD-4E7D-B8ED-553116C3B549}.Debug|x64.Build.0 = Debug|x64
		{7ED1EB9B-D7DD-4E7D-B8ED-553116C3B549}.Debug|x64.Deploy.0 = Debug|x64
		{7ED1EB9B-D7DD-4E7D-B8ED-553116C3B549}.Debug|x86.ActiveCfg = Debug|x86
		{7ED1EB9B-D7DD-4E7D-B8ED-553116C3B549}.Debug|x86.Build.0 = Debug|x86
		{7ED1EB9B-D7DD-4E7D-B8ED-553116C3B549}.Debug|x86.Deploy.0 = Debug|x86
		{7ED1EB9B-D7DD-4E7D-B8ED-553116C3B549}.Release|ARM.ActiveCfg = Release|ARM
		{7ED1EB9B-D7DD-4E7D-B8ED-553116C3B549}.Release|ARM.Build.0 = Release|ARM
		{7ED1EB9B-D7DD-4E7D-B8ED-553116C3B549}.Release|ARM.Deploy.0 = Release|ARM
		{7ED1EB9B-D7DD-4E7D-B8ED-553116C3B549}.Release|x64.ActiveCfg = Release|x64
		{7ED1EB9B-D7DD-4E7D-B8ED-553116C3B549}.Release|x64.Build.0 = Release|x64
		{7ED1EB9B-D7DD-4E7D-B8ED-553116C3B549}.Release|x64.Deploy.0 = Release|x64
		{7ED1EB9B-D7DD-4E7D-B8ED-553116C3B549}.Release|x86.ActiveCfg = Release|x86
		{7ED1EB9B-D7DD-4E7D-B8ED-553116C3B549}.Release|x86.Build.0 = Release|x86
		{7ED1EB9B-D7DD-4E7D-B8ED-553116C3B549}.Release|x86.Deploy.0 = Release|x86
		{A0413130-DAA0-445A-9073-E76CF268BADF}.Debug|ARM.ActiveCfg = Debug|ARM
		{A0413130-DAA0-445A-9073-E76CF268BADF}.Debug|ARM.Build.0 = Debug|ARM
		{A0413130-DAA0-445A-9073-E76CF268BADF}.Debug|x64.ActiveCfg = Debug|x64
		{A0413130-DAA0-445A-9073-E76CF268BADF}.Debug|x64.Build.0 = Debug|x64
		{A0413130-DAA0-445A-9073-E76CF268BADF}.Debug|x86.ActiveCfg = Debug|Win32
		{A0413130-DAA0-445A-9073-E76CF268BADF}.Debug|x86.Build.0 = Debug|Win32
		{A0413130-DAA0-445A-9073-E76CF268BADF}.Release|ARM.ActiveCfg = Release|ARM
		{A0413130-DAA0-445A-9073-E76CF268BADF}.Release|ARM.Build.0 = Release|ARM
		{A0413130-DAA0-445A-9073-E76CF268BADF}.Release|x64.ActiveCfg = Release|x64
		{A0413130-DAA0-445A-9073-E76CF268BADF}.Release|x64.Build.0 = Release|x64
		{A0413130-DAA0-445A-9073-E76CF268BADF}.Release|x86.ActiveCfg = Release|Win32
		{A0413130-DAA0-445A-9073-E76CF268BADF}.Release|x86.Build.0 = Release|Win32
	EndGlobalSection
	GlobalSection(SolutionProperties) = preSolution
		HideSolutionNode = FALSE
	EndGlobalSection
EndGlobal
